{
  "name": "docs",
  "lockfileVersion": 3,
  "requires": true,
  "packages": {
    "": {
      "devDependencies": {
        "api-ref-bundler-cli": "^0.4.0",
        "husky": "^9.0.11"
      }
    },
    "node_modules/api-ref-bundler": {
      "version": "0.4.3",
      "resolved": "https://registry.npmjs.org/api-ref-bundler/-/api-ref-bundler-0.4.3.tgz",
      "integrity": "sha512-FHzgrNIg7CHw59tl0GVdc7jng+ORiDGgcm6+EDANKqfMjFQY570GJMT0/89/dYloPN3w7zBTKURnIEcA2sTCXg==",
      "dev": true,
      "dependencies": {
        "json-crawl": "0.4.2"
      },
      "engines": {
        "node": ">=16.0.0"
      }
    },
    "node_modules/api-ref-bundler-cli": {
      "version": "0.4.0",
      "resolved": "https://registry.npmjs.org/api-ref-bundler-cli/-/api-ref-bundler-cli-0.4.0.tgz",
      "integrity": "sha512-pdaLWV0EdZxxS6nZxEDwnWJ7W7YiYoNvNpGiKpI3Q04tMnNw2DKClk3triVsflSnlYSy54gMYJ4fg+aCrMzxBQ==",
      "dev": true,
      "dependencies": {
        "api-ref-bundler": "^0.4.3",
        "commander": "^9.3.0",
        "js-yaml": "^4.1.0",
        "typescript": "^4.6.2"
      },
      "bin": {
        "ref-bundler": "bin/ref-bundler"
      }
    },
    "node_modules/argparse": {
      "version": "2.0.1",
      "resolved": "https://registry.npmjs.org/argparse/-/argparse-2.0.1.tgz",
      "integrity": "sha512-8+9WqebbFzpX9OR+Wa6O29asIogeRMzcGtAINdpMHHyAg10f05aSFVBbcEqGf/PXw1EjAZ+q2/bEBg3DvurK3Q==",
      "dev": true
    },
    "node_modules/commander": {
      "version": "9.5.0",
      "resolved": "https://registry.npmjs.org/commander/-/commander-9.5.0.tgz",
      "integrity": "sha512-KRs7WVDKg86PWiuAqhDrAQnTXZKraVcCc6vFdL14qrZ/DcWwuRo7VoiYXalXO7S5GKpqYiVEwCbgFDfxNHKJBQ==",
      "dev": true,
      "engines": {
        "node": "^12.20.0 || >=14"
      }
    },
    "node_modules/husky": {
      "version": "9.0.11",
      "resolved": "https://registry.npmjs.org/husky/-/husky-9.0.11.tgz",
      "integrity": "sha512-AB6lFlbwwyIqMdHYhwPe+kjOC3Oc5P3nThEoW/AaO2BX3vJDjWPFxYLxokUZOo6RNX20He3AaT8sESs9NJcmEw==",
      "dev": true,
      "bin": {
        "husky": "bin.mjs"
      },
      "engines": {
        "node": ">=18"
      },
      "funding": {
        "url": "https://github.com/sponsors/typicode"
      }
    },
    "node_modules/js-yaml": {
      "version": "4.1.0",
      "resolved": "https://registry.npmjs.org/js-yaml/-/js-yaml-4.1.0.tgz",
      "integrity": "sha512-wpxZs9NoxZaJESJGIZTyDEaYpl0FKSA+FB9aJiyemKhMwkxQg63h4T1KJgUGHpTqPDNRcmmYLugrRjJlBtWvRA==",
      "dev": true,
      "dependencies": {
        "argparse": "^2.0.1"
      },
      "bin": {
        "js-yaml": "bin/js-yaml.js"
      }
    },
    "node_modules/json-crawl": {
      "version": "0.4.2",
      "resolved": "https://registry.npmjs.org/json-crawl/-/json-crawl-0.4.2.tgz",
      "integrity": "sha512-MOKk9cjtpMrP4H1DmG+PtS7aFWg9OuSqxc/wpFcOE++yVnD5Bi5iKoXD6oqs+kltRwJRgZBYMozRNpQpxD/TJw==",
      "dev": true,
      "engines": {
        "node": ">=14.0.0"
      }
    },
    "node_modules/typescript": {
      "version": "4.9.5",
      "resolved": "https://registry.npmjs.org/typescript/-/typescript-4.9.5.tgz",
      "integrity": "sha512-1FXk9E2Hm+QzZQ7z+McJiHL4NW1F2EzMu9Nq9i3zAaGqibafqYwCVU6WyWAuyQRRzOlxou8xZSyXLEN8oKj24g==",
      "dev": true,
      "bin": {
        "tsc": "bin/tsc",
        "tsserver": "bin/tsserver"
      },
      "engines": {
        "node": ">=4.2.0"
      }
    }
  }
}
